
Microsoft Visual Studio Solution File, Format Version 12.00
# Visual Studio 15
VisualStudioVersion = 15.0.26430.6
MinimumVisualStudioVersion = 10.0.40219.1
Project("{8BC9CEB8-8B4A-11D0-8D11-00A0C91BC942}") = "libNeon", "src\libNeon\libNeon.vcxproj", "{E287B5FC-5B5D-4F25-BF1E-04AE8909DC0C}"
EndProject
Project("{8BC9CEB8-8B4A-11D0-8D11-00A0C91BC942}") = "libNeonCLR", "src\libNeonCLR\libNeonCLR.vcxproj", "{A64B0C3B-7FCB-4DD8-B561-42229097B539}"
	ProjectSection(ProjectDependencies) = postProject
		{E287B5FC-5B5D-4F25-BF1E-04AE8909DC0C} = {E287B5FC-5B5D-4F25-BF1E-04AE8909DC0C}
	EndProjectSection
EndProject
Project("{8BC9CEB8-8B4A-11D0-8D11-00A0C91BC942}") = "AppNeonWin32", "src\AppNeonWin32\AppNeonWin32.vcxproj", "{54DC0B0C-DE42-46F1-BBD3-DDAACB703AFE}"
EndProject
Project("{FAE04EC0-301F-11D3-BF4B-00C04F79EFBC}") = "AppNeonWPF", "src\AppNeonWPF\AppNeonWPF.csproj", "{4B1A1288-1353-481F-8C91-9FE0358FE8A1}"
	ProjectSection(ProjectDependencies) = postProject
		{A64B0C3B-7FCB-4DD8-B561-42229097B539} = {A64B0C3B-7FCB-4DD8-B561-42229097B539}
	EndProjectSection
EndProject
Project("{FAE04EC0-301F-11D3-BF4B-00C04F79EFBC}") = "AppNeonWinform", "src\AppNeonWinform\AppNeonWinform.csproj", "{77674D01-B390-44C4-81C9-08D5D11949FE}"
EndProject
Project("{2150E333-8FDC-42A3-9474-1A3956D46DE8}") = "lib", "lib", "{FEB949DD-3D19-4AAA-BA56-AF9C5CF81ED3}"
EndProject
Project("{2150E333-8FDC-42A3-9474-1A3956D46DE8}") = "App", "App", "{212F4084-A994-4168-B34F-EC398C2F6DF6}"
EndProject
Global
	GlobalSection(SolutionConfigurationPlatforms) = preSolution
		Debug|x64 = Debug|x64
		Debug|x86 = Debug|x86
		Release|x64 = Release|x64
		Release|x86 = Release|x86
	EndGlobalSection
	GlobalSection(ProjectConfigurationPlatforms) = postSolution
		{E287B5FC-5B5D-4F25-BF1E-04AE8909DC0C}.Debug|x64.ActiveCfg = Debug|x64
		{E287B5FC-5B5D-4F25-BF1E-04AE8909DC0C}.Debug|x64.Build.0 = Debug|x64
		{E287B5FC-5B5D-4F25-BF1E-04AE8909DC0C}.Debug|x86.ActiveCfg = Debug|Win32
		{E287B5FC-5B5D-4F25-BF1E-04AE8909DC0C}.Debug|x86.Build.0 = Debug|Win32
		{E287B5FC-5B5D-4F25-BF1E-04AE8909DC0C}.Release|x64.ActiveCfg = Release|x64
		{E287B5FC-5B5D-4F25-BF1E-04AE8909DC0C}.Release|x64.Build.0 = Release|x64
		{E287B5FC-5B5D-4F25-BF1E-04AE8909DC0C}.Release|x86.ActiveCfg = Release|Win32
		{E287B5FC-5B5D-4F25-BF1E-04AE8909DC0C}.Release|x86.Build.0 = Release|Win32
		{A64B0C3B-7FCB-4DD8-B561-42229097B539}.Debug|x64.ActiveCfg = Debug|x64
		{A64B0C3B-7FCB-4DD8-B561-42229097B539}.Debug|x64.Build.0 = Debug|x64
		{A64B0C3B-7FCB-4DD8-B561-42229097B539}.Debug|x86.ActiveCfg = Debug|Win32
		{A64B0C3B-7FCB-4DD8-B561-42229097B539}.Debug|x86.Build.0 = Debug|Win32
		{A64B0C3B-7FCB-4DD8-B561-42229097B539}.Release|x64.ActiveCfg = Release|x64
		{A64B0C3B-7FCB-4DD8-B561-42229097B539}.Release|x64.Build.0 = Release|x64
		{A64B0C3B-7FCB-4DD8-B561-42229097B539}.Release|x86.ActiveCfg = Release|Win32
		{A64B0C3B-7FCB-4DD8-B561-42229097B539}.Release|x86.Build.0 = Release|Win32
		{54DC0B0C-DE42-46F1-BBD3-DDAACB703AFE}.Debug|x64.ActiveCfg = Debug|x64
		{54DC0B0C-DE42-46F1-BBD3-DDAACB703AFE}.Debug|x64.Build.0 = Debug|x64
		{54DC0B0C-DE42-46F1-BBD3-DDAACB703AFE}.Debug|x86.ActiveCfg = Debug|Win32
		{54DC0B0C-DE42-46F1-BBD3-DDAACB703AFE}.Debug|x86.Build.0 = Debug|Win32
		{54DC0B0C-DE42-46F1-BBD3-DDAACB703AFE}.Release|x64.ActiveCfg = Release|x64
		{54DC0B0C-DE42-46F1-BBD3-DDAACB703AFE}.Release|x64.Build.0 = Release|x64
		{54DC0B0C-DE42-46F1-BBD3-DDAACB703AFE}.Release|x86.ActiveCfg = Release|Win32
		{54DC0B0C-DE42-46F1-BBD3-DDAACB703AFE}.Release|x86.Build.0 = Release|Win32
		{4B1A1288-1353-481F-8C91-9FE0358FE8A1}.Debug|x64.ActiveCfg = Debug|x64
		{4B1A1288-1353-481F-8C91-9FE0358FE8A1}.Debug|x64.Build.0 = Debug|x64
		{4B1A1288-1353-481F-8C91-9FE0358FE8A1}.Debug|x86.ActiveCfg = Debug|x86
		{4B1A1288-1353-481F-8C91-9FE0358FE8A1}.Debug|x86.Build.0 = Debug|x86
		{4B1A1288-1353-481F-8C91-9FE0358FE8A1}.Release|x64.ActiveCfg = Release|x64
		{4B1A1288-1353-481F-8C91-9FE0358FE8A1}.Release|x64.Build.0 = Release|x64
		{4B1A1288-1353-481F-8C91-9FE0358FE8A1}.Release|x86.ActiveCfg = Release|x86
		{4B1A1288-1353-481F-8C91-9FE0358FE8A1}.Release|x86.Build.0 = Release|x86
		{77674D01-B390-44C4-81C9-08D5D11949FE}.Debug|x64.ActiveCfg = Debug|x64
		{77674D01-B390-44C4-81C9-08D5D11949FE}.Debug|x64.Build.0 = Debug|x64
		{77674D01-B390-44C4-81C9-08D5D11949FE}.Debug|x86.ActiveCfg = Debug|x86
		{77674D01-B390-44C4-81C9-08D5D11949FE}.Debug|x86.Build.0 = Debug|x86
		{77674D01-B390-44C4-81C9-08D5D11949FE}.Release|x64.ActiveCfg = Release|x64
		{77674D01-B390-44C4-81C9-08D5D11949FE}.Release|x64.Build.0 = Release|x64
		{77674D01-B390-44C4-81C9-08D5D11949FE}.Release|x86.ActiveCfg = Release|x86
		{77674D01-B390-44C4-81C9-08D5D11949FE}.Release|x86.Build.0 = Release|x86
	EndGlobalSection
	GlobalSection(SolutionProperties) = preSolution
		HideSolutionNode = FALSE
	EndGlobalSection
	GlobalSection(NestedProjects) = preSolution
		{E287B5FC-5B5D-4F25-BF1E-04AE8909DC0C} = {FEB949DD-3D19-4AAA-BA56-AF9C5CF81ED3}
		{A64B0C3B-7FCB-4DD8-B561-42229097B539} = {FEB949DD-3D19-4AAA-BA56-AF9C5CF81ED3}
		{54DC0B0C-DE42-46F1-BBD3-DDAACB703AFE} = {212F4084-A994-4168-B34F-EC398C2F6DF6}
		{4B1A1288-1353-481F-8C91-9FE0358FE8A1} = {212F4084-A994-4168-B34F-EC398C2F6DF6}
		{77674D01-B390-44C4-81C9-08D5D11949FE} = {212F4084-A994-4168-B34F-EC398C2F6DF6}
	EndGlobalSection
EndGlobal
