<?xml version="1.0" encoding="utf-8"?>
<Project ToolsVersion="4.0" xmlns="http://schemas.microsoft.com/developer/msbuild/2003">
  <ItemGroup>
    <ClInclude Include="libNeon.h" />
    <ClInclude Include="libNeonCommon.h" />
    <ClInclude Include="GraphicsDevice.h" />
    <ClInclude Include="Resource\ResourceCache.h">
      <Filter>Resource</Filter>
    </ClInclude>
    <ClInclude Include="Resource\Font.h">
      <Filter>Resource</Filter>
    </ClInclude>
    <ClInclude Include="Scene\Entity.h">
      <Filter>Scene</Filter>
    </ClInclude>
    <ClInclude Include="Scene\Layer.h">
      <Filter>Scene</Filter>
    </ClInclude>
    <ClInclude Include="Scene\Scene.h">
      <Filter>Scene</Filter>
    </ClInclude>
  </ItemGroup>
  <ItemGroup>
    <ClCompile Include="libNeon.cpp" />
    <ClCompile Include="GraphicsDevice.cpp" />
    <ClCompile Include="libNeonCommon.cpp" />
    <ClCompile Include="Resource\ResourceCache.cpp">
      <Filter>Resource</Filter>
    </ClCompile>
    <ClCompile Include="Resource\Font.cpp">
      <Filter>Resource</Filter>
    </ClCompile>
    <ClCompile Include="Scene\Entity.cpp">
      <Filter>Scene</Filter>
    </ClCompile>
    <ClCompile Include="Scene\Layer.cpp">
      <Filter>Scene</Filter>
    </ClCompile>
    <ClCompile Include="Scene\Scene.cpp">
      <Filter>Scene</Filter>
    </ClCompile>
  </ItemGroup>
  <ItemGroup>
    <Filter Include="Resource">
      <UniqueIdentifier>{9f297b06-666e-451d-8494-5e84c86fcf9c}</UniqueIdentifier>
    </Filter>
    <Filter Include="Scene">
      <UniqueIdentifier>{7c783582-64d3-4e7b-9ae2-cde9a7c69a26}</UniqueIdentifier>
    </Filter>
  </ItemGroup>
</Project>